// !$*UTF8*$!
{
	archiveVersion = 1;
	classes = {
	};
	objectVersion = 46;
	objects = {

/* Begin PBXBuildFile section */
		1920E56B1CBD4B0C00C88073 /* AppDelegate.swift in Sources */ = {isa = PBXBuildFile; fileRef = 1920E56A1CBD4B0C00C88073 /* AppDelegate.swift */; };
		1920E56D1CBD4B0C00C88073 /* ViewController.swift in Sources */ = {isa = PBXBuildFile; fileRef = 1920E56C1CBD4B0C00C88073 /* ViewController.swift */; };
		1920E5701CBD4B0C00C88073 /* Main.storyboard in Resources */ = {isa = PBXBuildFile; fileRef = 1920E56E1CBD4B0C00C88073 /* Main.storyboard */; };
		1920E5721CBD4B0C00C88073 /* Assets.xcassets in Resources */ = {isa = PBXBuildFile; fileRef = 1920E5711CBD4B0C00C88073 /* Assets.xcassets */; };
		1920E5751CBD4B0C00C88073 /* LaunchScreen.storyboard in Resources */ = {isa = PBXBuildFile; fileRef = 1920E5731CBD4B0C00C88073 /* LaunchScreen.storyboard */; };
		1920E5801CBD4B0C00C88073 /* BookmindAlfaTests.swift in Sources */ = {isa = PBXBuildFile; fileRef = 1920E57F1CBD4B0C00C88073 /* BookmindAlfaTests.swift */; };
		1920E58B1CBD4B0C00C88073 /* BookmindAlfaUITests.swift in Sources */ = {isa = PBXBuildFile; fileRef = 1920E58A1CBD4B0C00C88073 /* BookmindAlfaUITests.swift */; };
		1920E5A11CBD4B8B00C88073 /* Bolts.framework in Frameworks */ = {isa = PBXBuildFile; fileRef = 1920E59B1CBD4B8B00C88073 /* Bolts.framework */; };
		1920E5A21CBD4B8B00C88073 /* Parse.framework in Frameworks */ = {isa = PBXBuildFile; fileRef = 1920E59C1CBD4B8B00C88073 /* Parse.framework */; };
		1920E5A31CBD4B8B00C88073 /* ParseFacebookUtils.framework in Frameworks */ = {isa = PBXBuildFile; fileRef = 1920E59D1CBD4B8B00C88073 /* ParseFacebookUtils.framework */; };
		1920E5A41CBD4B8B00C88073 /* ParseFacebookUtilsV4.framework in Frameworks */ = {isa = PBXBuildFile; fileRef = 1920E59E1CBD4B8B00C88073 /* ParseFacebookUtilsV4.framework */; };
		1920E5A51CBD4B8B00C88073 /* ParseTwitterUtils.framework in Frameworks */ = {isa = PBXBuildFile; fileRef = 1920E59F1CBD4B8B00C88073 /* ParseTwitterUtils.framework */; };
		1920E5A61CBD4B8B00C88073 /* ParseUI.framework in Frameworks */ = {isa = PBXBuildFile; fileRef = 1920E5A01CBD4B8B00C88073 /* ParseUI.framework */; };
		1920E5A81CBD4BB500C88073 /* AudioToolbox.framework in Frameworks */ = {isa = PBXBuildFile; fileRef = 1920E5A71CBD4BB500C88073 /* AudioToolbox.framework */; };
		1920E5AA1CBD4BBC00C88073 /* CFNetwork.framework in Frameworks */ = {isa = PBXBuildFile; fileRef = 1920E5A91CBD4BBC00C88073 /* CFNetwork.framework */; };
		1920E5AC1CBD4BC400C88073 /* CoreGraphics.framework in Frameworks */ = {isa = PBXBuildFile; fileRef = 1920E5AB1CBD4BC400C88073 /* CoreGraphics.framework */; };
		1920E5AE1CBD4BCB00C88073 /* CoreLocation.framework in Frameworks */ = {isa = PBXBuildFile; fileRef = 1920E5AD1CBD4BCB00C88073 /* CoreLocation.framework */; };
		1920E5B01CBD4BD200C88073 /* QuartzCore.framework in Frameworks */ = {isa = PBXBuildFile; fileRef = 1920E5AF1CBD4BD200C88073 /* QuartzCore.framework */; };
		1920E5B21CBD4BD800C88073 /* Security.framework in Frameworks */ = {isa = PBXBuildFile; fileRef = 1920E5B11CBD4BD800C88073 /* Security.framework */; };
		1920E5B41CBD4BDF00C88073 /* StoreKit.framework in Frameworks */ = {isa = PBXBuildFile; fileRef = 1920E5B31CBD4BDF00C88073 /* StoreKit.framework */; };
		1920E5B61CBD4BE600C88073 /* SystemConfiguration.framework in Frameworks */ = {isa = PBXBuildFile; fileRef = 1920E5B51CBD4BE600C88073 /* SystemConfiguration.framework */; };
		1920E5B81CBD4BED00C88073 /* libz.tbd in Frameworks */ = {isa = PBXBuildFile; fileRef = 1920E5B71CBD4BED00C88073 /* libz.tbd */; };
		1920E5BA1CBD4BF600C88073 /* libsqlite3.tbd in Frameworks */ = {isa = PBXBuildFile; fileRef = 1920E5B91CBD4BF600C88073 /* libsqlite3.tbd */; };
		1920E5CD1CBD54F100C88073 /* Montserrat-Bold.ttf in Resources */ = {isa = PBXBuildFile; fileRef = 1920E5BC1CBD526D00C88073 /* Montserrat-Bold.ttf */; };
		1920E5CE1CBD54F500C88073 /* Montserrat-Regular.ttf in Resources */ = {isa = PBXBuildFile; fileRef = 1920E5BD1CBD526D00C88073 /* Montserrat-Regular.ttf */; };
		192541931CC71B19009BA409 /* OnBoardingViewController.swift in Sources */ = {isa = PBXBuildFile; fileRef = 192541921CC71B19009BA409 /* OnBoardingViewController.swift */; };
		192541951CC71DF8009BA409 /* OBE1ViewController.swift in Sources */ = {isa = PBXBuildFile; fileRef = 192541941CC71DF8009BA409 /* OBE1ViewController.swift */; };
		192541971CC71F1D009BA409 /* OBE2ViewController.swift in Sources */ = {isa = PBXBuildFile; fileRef = 192541961CC71F1D009BA409 /* OBE2ViewController.swift */; };
		192541991CC7219B009BA409 /* OBE3ViewController.swift in Sources */ = {isa = PBXBuildFile; fileRef = 192541981CC7219B009BA409 /* OBE3ViewController.swift */; };
		1925419B1CC741C7009BA409 /* MainSignViewController.swift in Sources */ = {isa = PBXBuildFile; fileRef = 1925419A1CC741C7009BA409 /* MainSignViewController.swift */; };
		1936E33D1CD1870C00A631ED /* BookSearchViewCell.xib in Resources */ = {isa = PBXBuildFile; fileRef = 1936E33C1CD1870C00A631ED /* BookSearchViewCell.xib */; };
		1936E33F1CD189A900A631ED /* BookSearchViewCell.swift in Sources */ = {isa = PBXBuildFile; fileRef = 1936E33E1CD189A900A631ED /* BookSearchViewCell.swift */; };
		1936E3461CD1D8DA00A631ED /* BookDetailViewController.swift in Sources */ = {isa = PBXBuildFile; fileRef = 1936E3451CD1D8DA00A631ED /* BookDetailViewController.swift */; };
		198393F51CC89F7800276683 /* SecondSignUpViewController.swift in Sources */ = {isa = PBXBuildFile; fileRef = 198393F41CC89F7800276683 /* SecondSignUpViewController.swift */; };
		198F9ED81CD2653200EE54E8 /* ListTableViewCell.xib in Resources */ = {isa = PBXBuildFile; fileRef = 198F9ED71CD2653200EE54E8 /* ListTableViewCell.xib */; };
		198F9EDA1CD2656800EE54E8 /* ListTableViewCell.swift in Sources */ = {isa = PBXBuildFile; fileRef = 198F9ED91CD2656800EE54E8 /* ListTableViewCell.swift */; };
		19CBF5751CCAEFC300CDA0A8 /* SwiftLoading.swift in Sources */ = {isa = PBXBuildFile; fileRef = 19CBF5741CCAEFC300CDA0A8 /* SwiftLoading.swift */; };
		19CBF57B1CCB045300CDA0A8 /* ProfileViewController.swift in Sources */ = {isa = PBXBuildFile; fileRef = 19CBF57A1CCB045300CDA0A8 /* ProfileViewController.swift */; };
		19D033511CC84B50001E9E39 /* SignUpViewController.swift in Sources */ = {isa = PBXBuildFile; fileRef = 19D033501CC84B50001E9E39 /* SignUpViewController.swift */; };
		19ECE0411CCF338800BE87B7 /* SettingsViewController.swift in Sources */ = {isa = PBXBuildFile; fileRef = 19ECE0401CCF338800BE87B7 /* SettingsViewController.swift */; };
		745D9DF71CD13BCE0010B893 /* SearchViewController.swift in Sources */ = {isa = PBXBuildFile; fileRef = 745D9DF61CD13BCE0010B893 /* SearchViewController.swift */; };
/* End PBXBuildFile section */

/* Begin PBXContainerItemProxy section */
		1920E57C1CBD4B0C00C88073 /* PBXContainerItemProxy */ = {
			isa = PBXContainerItemProxy;
			containerPortal = 1920E55F1CBD4B0C00C88073 /* Project object */;
			proxyType = 1;
			remoteGlobalIDString = 1920E5661CBD4B0C00C88073;
			remoteInfo = BookmindAlfa;
		};
		1920E5871CBD4B0C00C88073 /* PBXContainerItemProxy */ = {
			isa = PBXContainerItemProxy;
			containerPortal = 1920E55F1CBD4B0C00C88073 /* Project object */;
			proxyType = 1;
			remoteGlobalIDString = 1920E5661CBD4B0C00C88073;
			remoteInfo = BookmindAlfa;
		};
/* End PBXContainerItemProxy section */

/* Begin PBXFileReference section */
		1920E5671CBD4B0C00C88073 /* BookmindAlfa.app */ = {isa = PBXFileReference; explicitFileType = wrapper.application; includeInIndex = 0; path = BookmindAlfa.app; sourceTree = BUILT_PRODUCTS_DIR; };
		1920E56A1CBD4B0C00C88073 /* AppDelegate.swift */ = {isa = PBXFileReference; lastKnownFileType = sourcecode.swift; path = AppDelegate.swift; sourceTree = "<group>"; };
		1920E56C1CBD4B0C00C88073 /* ViewController.swift */ = {isa = PBXFileReference; lastKnownFileType = sourcecode.swift; path = ViewController.swift; sourceTree = "<group>"; };
		1920E56F1CBD4B0C00C88073 /* Base */ = {isa = PBXFileReference; lastKnownFileType = file.storyboard; name = Base; path = Base.lproj/Main.storyboard; sourceTree = "<group>"; };
		1920E5711CBD4B0C00C88073 /* Assets.xcassets */ = {isa = PBXFileReference; lastKnownFileType = folder.assetcatalog; path = Assets.xcassets; sourceTree = "<group>"; };
		1920E5741CBD4B0C00C88073 /* Base */ = {isa = PBXFileReference; lastKnownFileType = file.storyboard; name = Base; path = Base.lproj/LaunchScreen.storyboard; sourceTree = "<group>"; };
		1920E5761CBD4B0C00C88073 /* Info.plist */ = {isa = PBXFileReference; lastKnownFileType = text.plist.xml; path = Info.plist; sourceTree = "<group>"; };
		1920E57B1CBD4B0C00C88073 /* BookmindAlfaTests.xctest */ = {isa = PBXFileReference; explicitFileType = wrapper.cfbundle; includeInIndex = 0; path = BookmindAlfaTests.xctest; sourceTree = BUILT_PRODUCTS_DIR; };
		1920E57F1CBD4B0C00C88073 /* BookmindAlfaTests.swift */ = {isa = PBXFileReference; lastKnownFileType = sourcecode.swift; path = BookmindAlfaTests.swift; sourceTree = "<group>"; };
		1920E5811CBD4B0C00C88073 /* Info.plist */ = {isa = PBXFileReference; lastKnownFileType = text.plist.xml; path = Info.plist; sourceTree = "<group>"; };
		1920E5861CBD4B0C00C88073 /* BookmindAlfaUITests.xctest */ = {isa = PBXFileReference; explicitFileType = wrapper.cfbundle; includeInIndex = 0; path = BookmindAlfaUITests.xctest; sourceTree = BUILT_PRODUCTS_DIR; };
		1920E58A1CBD4B0C00C88073 /* BookmindAlfaUITests.swift */ = {isa = PBXFileReference; lastKnownFileType = sourcecode.swift; path = BookmindAlfaUITests.swift; sourceTree = "<group>"; };
		1920E58C1CBD4B0C00C88073 /* Info.plist */ = {isa = PBXFileReference; lastKnownFileType = text.plist.xml; path = Info.plist; sourceTree = "<group>"; };
		1920E59B1CBD4B8B00C88073 /* Bolts.framework */ = {isa = PBXFileReference; lastKnownFileType = wrapper.framework; path = Bolts.framework; sourceTree = "<group>"; };
		1920E59C1CBD4B8B00C88073 /* Parse.framework */ = {isa = PBXFileReference; lastKnownFileType = wrapper.framework; path = Parse.framework; sourceTree = "<group>"; };
		1920E59D1CBD4B8B00C88073 /* ParseFacebookUtils.framework */ = {isa = PBXFileReference; lastKnownFileType = wrapper.framework; path = ParseFacebookUtils.framework; sourceTree = "<group>"; };
		1920E59E1CBD4B8B00C88073 /* ParseFacebookUtilsV4.framework */ = {isa = PBXFileReference; lastKnownFileType = wrapper.framework; path = ParseFacebookUtilsV4.framework; sourceTree = "<group>"; };
		1920E59F1CBD4B8B00C88073 /* ParseTwitterUtils.framework */ = {isa = PBXFileReference; lastKnownFileType = wrapper.framework; path = ParseTwitterUtils.framework; sourceTree = "<group>"; };
		1920E5A01CBD4B8B00C88073 /* ParseUI.framework */ = {isa = PBXFileReference; lastKnownFileType = wrapper.framework; path = ParseUI.framework; sourceTree = "<group>"; };
		1920E5A71CBD4BB500C88073 /* AudioToolbox.framework */ = {isa = PBXFileReference; lastKnownFileType = wrapper.framework; name = AudioToolbox.framework; path = System/Library/Frameworks/AudioToolbox.framework; sourceTree = SDKROOT; };
		1920E5A91CBD4BBC00C88073 /* CFNetwork.framework */ = {isa = PBXFileReference; lastKnownFileType = wrapper.framework; name = CFNetwork.framework; path = System/Library/Frameworks/CFNetwork.framework; sourceTree = SDKROOT; };
		1920E5AB1CBD4BC400C88073 /* CoreGraphics.framework */ = {isa = PBXFileReference; lastKnownFileType = wrapper.framework; name = CoreGraphics.framework; path = System/Library/Frameworks/CoreGraphics.framework; sourceTree = SDKROOT; };
		1920E5AD1CBD4BCB00C88073 /* CoreLocation.framework */ = {isa = PBXFileReference; lastKnownFileType = wrapper.framework; name = CoreLocation.framework; path = System/Library/Frameworks/CoreLocation.framework; sourceTree = SDKROOT; };
		1920E5AF1CBD4BD200C88073 /* QuartzCore.framework */ = {isa = PBXFileReference; lastKnownFileType = wrapper.framework; name = QuartzCore.framework; path = System/Library/Frameworks/QuartzCore.framework; sourceTree = SDKROOT; };
		1920E5B11CBD4BD800C88073 /* Security.framework */ = {isa = PBXFileReference; lastKnownFileType = wrapper.framework; name = Security.framework; path = System/Library/Frameworks/Security.framework; sourceTree = SDKROOT; };
		1920E5B31CBD4BDF00C88073 /* StoreKit.framework */ = {isa = PBXFileReference; lastKnownFileType = wrapper.framework; name = StoreKit.framework; path = System/Library/Frameworks/StoreKit.framework; sourceTree = SDKROOT; };
		1920E5B51CBD4BE600C88073 /* SystemConfiguration.framework */ = {isa = PBXFileReference; lastKnownFileType = wrapper.framework; name = SystemConfiguration.framework; path = System/Library/Frameworks/SystemConfiguration.framework; sourceTree = SDKROOT; };
		1920E5B71CBD4BED00C88073 /* libz.tbd */ = {isa = PBXFileReference; lastKnownFileType = "sourcecode.text-based-dylib-definition"; name = libz.tbd; path = usr/lib/libz.tbd; sourceTree = SDKROOT; };
		1920E5B91CBD4BF600C88073 /* libsqlite3.tbd */ = {isa = PBXFileReference; lastKnownFileType = "sourcecode.text-based-dylib-definition"; name = libsqlite3.tbd; path = usr/lib/libsqlite3.tbd; sourceTree = SDKROOT; };
		1920E5BC1CBD526D00C88073 /* Montserrat-Bold.ttf */ = {isa = PBXFileReference; lastKnownFileType = file; path = "Montserrat-Bold.ttf"; sourceTree = "<group>"; };
		1920E5BD1CBD526D00C88073 /* Montserrat-Regular.ttf */ = {isa = PBXFileReference; lastKnownFileType = file; path = "Montserrat-Regular.ttf"; sourceTree = "<group>"; };
		192541921CC71B19009BA409 /* OnBoardingViewController.swift */ = {isa = PBXFileReference; fileEncoding = 4; lastKnownFileType = sourcecode.swift; name = OnBoardingViewController.swift; path = ../OnBoardingViewController.swift; sourceTree = "<group>"; };
		192541941CC71DF8009BA409 /* OBE1ViewController.swift */ = {isa = PBXFileReference; fileEncoding = 4; lastKnownFileType = sourcecode.swift; path = OBE1ViewController.swift; sourceTree = "<group>"; };
		192541961CC71F1D009BA409 /* OBE2ViewController.swift */ = {isa = PBXFileReference; fileEncoding = 4; lastKnownFileType = sourcecode.swift; path = OBE2ViewController.swift; sourceTree = "<group>"; };
		192541981CC7219B009BA409 /* OBE3ViewController.swift */ = {isa = PBXFileReference; fileEncoding = 4; lastKnownFileType = sourcecode.swift; path = OBE3ViewController.swift; sourceTree = "<group>"; };
		1925419A1CC741C7009BA409 /* MainSignViewController.swift */ = {isa = PBXFileReference; fileEncoding = 4; lastKnownFileType = sourcecode.swift; path = MainSignViewController.swift; sourceTree = "<group>"; };
		1936E33C1CD1870C00A631ED /* BookSearchViewCell.xib */ = {isa = PBXFileReference; fileEncoding = 4; lastKnownFileType = file.xib; path = BookSearchViewCell.xib; sourceTree = "<group>"; };
		1936E33E1CD189A900A631ED /* BookSearchViewCell.swift */ = {isa = PBXFileReference; fileEncoding = 4; lastKnownFileType = sourcecode.swift; path = BookSearchViewCell.swift; sourceTree = "<group>"; };
		1936E3451CD1D8DA00A631ED /* BookDetailViewController.swift */ = {isa = PBXFileReference; fileEncoding = 4; lastKnownFileType = sourcecode.swift; name = BookDetailViewController.swift; path = ../BookDetailViewController.swift; sourceTree = "<group>"; };
		198393F41CC89F7800276683 /* SecondSignUpViewController.swift */ = {isa = PBXFileReference; fileEncoding = 4; lastKnownFileType = sourcecode.swift; path = SecondSignUpViewController.swift; sourceTree = "<group>"; };
		198F9ED71CD2653200EE54E8 /* ListTableViewCell.xib */ = {isa = PBXFileReference; fileEncoding = 4; lastKnownFileType = file.xib; path = ListTableViewCell.xib; sourceTree = "<group>"; };
		198F9ED91CD2656800EE54E8 /* ListTableViewCell.swift */ = {isa = PBXFileReference; fileEncoding = 4; lastKnownFileType = sourcecode.swift; path = ListTableViewCell.swift; sourceTree = "<group>"; };
		19CBF5741CCAEFC300CDA0A8 /* SwiftLoading.swift */ = {isa = PBXFileReference; fileEncoding = 4; lastKnownFileType = sourcecode.swift; path = SwiftLoading.swift; sourceTree = "<group>"; };
		19CBF57A1CCB045300CDA0A8 /* ProfileViewController.swift */ = {isa = PBXFileReference; fileEncoding = 4; lastKnownFileType = sourcecode.swift; path = ProfileViewController.swift; sourceTree = "<group>"; };
		19D033501CC84B50001E9E39 /* SignUpViewController.swift */ = {isa = PBXFileReference; fileEncoding = 4; lastKnownFileType = sourcecode.swift; path = SignUpViewController.swift; sourceTree = "<group>"; };
		19ECE0401CCF338800BE87B7 /* SettingsViewController.swift */ = {isa = PBXFileReference; fileEncoding = 4; lastKnownFileType = sourcecode.swift; path = SettingsViewController.swift; sourceTree = "<group>"; };
		19F90FEC1CCBCC1900ADC4BA /* BookmindAlfa-Bridging-Header.h */ = {isa = PBXFileReference; lastKnownFileType = sourcecode.c.h; path = "BookmindAlfa-Bridging-Header.h"; sourceTree = "<group>"; };
		745D9DF61CD13BCE0010B893 /* SearchViewController.swift */ = {isa = PBXFileReference; fileEncoding = 4; lastKnownFileType = sourcecode.swift; path = SearchViewController.swift; sourceTree = "<group>"; };
/* End PBXFileReference section */

/* Begin PBXFrameworksBuildPhase section */
		1920E5641CBD4B0C00C88073 /* Frameworks */ = {
			isa = PBXFrameworksBuildPhase;
			buildActionMask = 2147483647;
			files = (
				1920E5BA1CBD4BF600C88073 /* libsqlite3.tbd in Frameworks */,
				1920E5B81CBD4BED00C88073 /* libz.tbd in Frameworks */,
				1920E5B61CBD4BE600C88073 /* SystemConfiguration.framework in Frameworks */,
				1920E5B41CBD4BDF00C88073 /* StoreKit.framework in Frameworks */,
				1920E5B21CBD4BD800C88073 /* Security.framework in Frameworks */,
				1920E5B01CBD4BD200C88073 /* QuartzCore.framework in Frameworks */,
				1920E5AE1CBD4BCB00C88073 /* CoreLocation.framework in Frameworks */,
				1920E5AC1CBD4BC400C88073 /* CoreGraphics.framework in Frameworks */,
				1920E5AA1CBD4BBC00C88073 /* CFNetwork.framework in Frameworks */,
				1920E5A81CBD4BB500C88073 /* AudioToolbox.framework in Frameworks */,
				1920E5A61CBD4B8B00C88073 /* ParseUI.framework in Frameworks */,
				1920E5A21CBD4B8B00C88073 /* Parse.framework in Frameworks */,
				1920E5A11CBD4B8B00C88073 /* Bolts.framework in Frameworks */,
				1920E5A41CBD4B8B00C88073 /* ParseFacebookUtilsV4.framework in Frameworks */,
				1920E5A31CBD4B8B00C88073 /* ParseFacebookUtils.framework in Frameworks */,
				1920E5A51CBD4B8B00C88073 /* ParseTwitterUtils.framework in Frameworks */,
			);
			runOnlyForDeploymentPostprocessing = 0;
		};
		1920E5781CBD4B0C00C88073 /* Frameworks */ = {
			isa = PBXFrameworksBuildPhase;
			buildActionMask = 2147483647;
			files = (
			);
			runOnlyForDeploymentPostprocessing = 0;
		};
		1920E5831CBD4B0C00C88073 /* Frameworks */ = {
			isa = PBXFrameworksBuildPhase;
			buildActionMask = 2147483647;
			files = (
			);
			runOnlyForDeploymentPostprocessing = 0;
		};
/* End PBXFrameworksBuildPhase section */

/* Begin PBXGroup section */
		1920E55E1CBD4B0C00C88073 = {
			isa = PBXGroup;
			children = (
				1920E5691CBD4B0C00C88073 /* BookmindAlfa */,
				1920E59A1CBD4B8B00C88073 /* Parse */,
				1920E5BB1CBD4C0400C88073 /* Frameworks */,
				1920E57E1CBD4B0C00C88073 /* BookmindAlfaTests */,
				1920E5891CBD4B0C00C88073 /* BookmindAlfaUITests */,
				1920E5681CBD4B0C00C88073 /* Products */,
			);
			sourceTree = "<group>";
		};
		1920E5681CBD4B0C00C88073 /* Products */ = {
			isa = PBXGroup;
			children = (
				1920E5671CBD4B0C00C88073 /* BookmindAlfa.app */,
				1920E57B1CBD4B0C00C88073 /* BookmindAlfaTests.xctest */,
				1920E5861CBD4B0C00C88073 /* BookmindAlfaUITests.xctest */,
			);
			name = Products;
			sourceTree = "<group>";
		};
		1920E5691CBD4B0C00C88073 /* BookmindAlfa */ = {
			isa = PBXGroup;
			children = (
				1936E3421CD18A7700A631ED /* OnBoarding */,
				1920E56A1CBD4B0C00C88073 /* AppDelegate.swift */,
				1920E56C1CBD4B0C00C88073 /* ViewController.swift */,
				1920E56E1CBD4B0C00C88073 /* Main.storyboard */,
				1936E3441CD18A9700A631ED /* Rows */,
				1936E3431CD18A8A00A631ED /* Views */,
				1920E5711CBD4B0C00C88073 /* Assets.xcassets */,
				1920E5731CBD4B0C00C88073 /* LaunchScreen.storyboard */,
				1920E5761CBD4B0C00C88073 /* Info.plist */,
				19CBF5741CCAEFC300CDA0A8 /* SwiftLoading.swift */,
				1920E5BE1CBD527700C88073 /* Fonts */,
				19F90FEC1CCBCC1900ADC4BA /* BookmindAlfa-Bridging-Header.h */,
			);
			path = BookmindAlfa;
			sourceTree = "<group>";
		};
		1920E57E1CBD4B0C00C88073 /* BookmindAlfaTests */ = {
			isa = PBXGroup;
			children = (
				1920E57F1CBD4B0C00C88073 /* BookmindAlfaTests.swift */,
				1920E5811CBD4B0C00C88073 /* Info.plist */,
			);
			path = BookmindAlfaTests;
			sourceTree = "<group>";
		};
		1920E5891CBD4B0C00C88073 /* BookmindAlfaUITests */ = {
			isa = PBXGroup;
			children = (
				1920E58A1CBD4B0C00C88073 /* BookmindAlfaUITests.swift */,
				1920E58C1CBD4B0C00C88073 /* Info.plist */,
			);
			path = BookmindAlfaUITests;
			sourceTree = "<group>";
		};
		1920E59A1CBD4B8B00C88073 /* Parse */ = {
			isa = PBXGroup;
			children = (
				1920E59B1CBD4B8B00C88073 /* Bolts.framework */,
				1920E59C1CBD4B8B00C88073 /* Parse.framework */,
				1920E59D1CBD4B8B00C88073 /* ParseFacebookUtils.framework */,
				1920E59E1CBD4B8B00C88073 /* ParseFacebookUtilsV4.framework */,
				1920E59F1CBD4B8B00C88073 /* ParseTwitterUtils.framework */,
				1920E5A01CBD4B8B00C88073 /* ParseUI.framework */,
			);
			name = Parse;
			path = "parse-library-1";
			sourceTree = "<group>";
		};
		1920E5BB1CBD4C0400C88073 /* Frameworks */ = {
			isa = PBXGroup;
			children = (
				1920E5B91CBD4BF600C88073 /* libsqlite3.tbd */,
				1920E5B71CBD4BED00C88073 /* libz.tbd */,
				1920E5B51CBD4BE600C88073 /* SystemConfiguration.framework */,
				1920E5B31CBD4BDF00C88073 /* StoreKit.framework */,
				1920E5B11CBD4BD800C88073 /* Security.framework */,
				1920E5AF1CBD4BD200C88073 /* QuartzCore.framework */,
				1920E5AD1CBD4BCB00C88073 /* CoreLocation.framework */,
				1920E5AB1CBD4BC400C88073 /* CoreGraphics.framework */,
				1920E5A91CBD4BBC00C88073 /* CFNetwork.framework */,
				1920E5A71CBD4BB500C88073 /* AudioToolbox.framework */,
			);
			name = Frameworks;
			sourceTree = "<group>";
		};
		1920E5BE1CBD527700C88073 /* Fonts */ = {
			isa = PBXGroup;
			children = (
				1920E5BC1CBD526D00C88073 /* Montserrat-Bold.ttf */,
				1920E5BD1CBD526D00C88073 /* Montserrat-Regular.ttf */,
			);
			name = Fonts;
			sourceTree = "<group>";
		};
		1936E3421CD18A7700A631ED /* OnBoarding */ = {
			isa = PBXGroup;
			children = (
				192541921CC71B19009BA409 /* OnBoardingViewController.swift */,
				192541981CC7219B009BA409 /* OBE3ViewController.swift */,
				192541941CC71DF8009BA409 /* OBE1ViewController.swift */,
				192541961CC71F1D009BA409 /* OBE2ViewController.swift */,
			);
			name = OnBoarding;
			sourceTree = "<group>";
		};
		1936E3431CD18A8A00A631ED /* Views */ = {
			isa = PBXGroup;
			children = (
				1936E3451CD1D8DA00A631ED /* BookDetailViewController.swift */,
				745D9DF61CD13BCE0010B893 /* SearchViewController.swift */,
				19ECE0401CCF338800BE87B7 /* SettingsViewController.swift */,
				19CBF57A1CCB045300CDA0A8 /* ProfileViewController.swift */,
				198393F41CC89F7800276683 /* SecondSignUpViewController.swift */,
				19D033501CC84B50001E9E39 /* SignUpViewController.swift */,
				1925419A1CC741C7009BA409 /* MainSignViewController.swift */,
			);
			name = Views;
			sourceTree = "<group>";
		};
		1936E3441CD18A9700A631ED /* Rows */ = {
			isa = PBXGroup;
			children = (
				1936E33C1CD1870C00A631ED /* BookSearchViewCell.xib */,
				1936E33E1CD189A900A631ED /* BookSearchViewCell.swift */,
				198F9ED71CD2653200EE54E8 /* ListTableViewCell.xib */,
				198F9ED91CD2656800EE54E8 /* ListTableViewCell.swift */,
			);
			name = Rows;
			sourceTree = "<group>";
		};
/* End PBXGroup section */

/* Begin PBXNativeTarget section */
		1920E5661CBD4B0C00C88073 /* BookmindAlfa */ = {
			isa = PBXNativeTarget;
			buildConfigurationList = 1920E58F1CBD4B0C00C88073 /* Build configuration list for PBXNativeTarget "BookmindAlfa" */;
			buildPhases = (
				1920E5631CBD4B0C00C88073 /* Sources */,
				1920E5641CBD4B0C00C88073 /* Frameworks */,
				1920E5651CBD4B0C00C88073 /* Resources */,
			);
			buildRules = (
			);
			dependencies = (
			);
			name = BookmindAlfa;
			productName = BookmindAlfa;
			productReference = 1920E5671CBD4B0C00C88073 /* BookmindAlfa.app */;
			productType = "com.apple.product-type.application";
		};
		1920E57A1CBD4B0C00C88073 /* BookmindAlfaTests */ = {
			isa = PBXNativeTarget;
			buildConfigurationList = 1920E5921CBD4B0C00C88073 /* Build configuration list for PBXNativeTarget "BookmindAlfaTests" */;
			buildPhases = (
				1920E5771CBD4B0C00C88073 /* Sources */,
				1920E5781CBD4B0C00C88073 /* Frameworks */,
				1920E5791CBD4B0C00C88073 /* Resources */,
			);
			buildRules = (
			);
			dependencies = (
				1920E57D1CBD4B0C00C88073 /* PBXTargetDependency */,
			);
			name = BookmindAlfaTests;
			productName = BookmindAlfaTests;
			productReference = 1920E57B1CBD4B0C00C88073 /* BookmindAlfaTests.xctest */;
			productType = "com.apple.product-type.bundle.unit-test";
		};
		1920E5851CBD4B0C00C88073 /* BookmindAlfaUITests */ = {
			isa = PBXNativeTarget;
			buildConfigurationList = 1920E5951CBD4B0C00C88073 /* Build configuration list for PBXNativeTarget "BookmindAlfaUITests" */;
			buildPhases = (
				1920E5821CBD4B0C00C88073 /* Sources */,
				1920E5831CBD4B0C00C88073 /* Frameworks */,
				1920E5841CBD4B0C00C88073 /* Resources */,
			);
			buildRules = (
			);
			dependencies = (
				1920E5881CBD4B0C00C88073 /* PBXTargetDependency */,
			);
			name = BookmindAlfaUITests;
			productName = BookmindAlfaUITests;
			productReference = 1920E5861CBD4B0C00C88073 /* BookmindAlfaUITests.xctest */;
			productType = "com.apple.product-type.bundle.ui-testing";
		};
/* End PBXNativeTarget section */

/* Begin PBXProject section */
		1920E55F1CBD4B0C00C88073 /* Project object */ = {
			isa = PBXProject;
			attributes = {
				LastSwiftUpdateCheck = 0730;
				LastUpgradeCheck = 0730;
				ORGANIZATIONNAME = "Juan Andrés Rocha Díaz";
				TargetAttributes = {
					1920E5661CBD4B0C00C88073 = {
						CreatedOnToolsVersion = 7.3;
						DevelopmentTeam = UA26PGF9GK;
					};
					1920E57A1CBD4B0C00C88073 = {
						CreatedOnToolsVersion = 7.3;
						DevelopmentTeam = UA26PGF9GK;
						TestTargetID = 1920E5661CBD4B0C00C88073;
					};
					1920E5851CBD4B0C00C88073 = {
						CreatedOnToolsVersion = 7.3;
						DevelopmentTeam = UA26PGF9GK;
						TestTargetID = 1920E5661CBD4B0C00C88073;
					};
				};
			};
			buildConfigurationList = 1920E5621CBD4B0C00C88073 /* Build configuration list for PBXProject "BookmindAlfa" */;
			compatibilityVersion = "Xcode 3.2";
			developmentRegion = English;
			hasScannedForEncodings = 0;
			knownRegions = (
				en,
				Base,
			);
			mainGroup = 1920E55E1CBD4B0C00C88073;
			productRefGroup = 1920E5681CBD4B0C00C88073 /* Products */;
			projectDirPath = "";
			projectRoot = "";
			targets = (
				1920E5661CBD4B0C00C88073 /* BookmindAlfa */,
				1920E57A1CBD4B0C00C88073 /* BookmindAlfaTests */,
				1920E5851CBD4B0C00C88073 /* BookmindAlfaUITests */,
			);
		};
/* End PBXProject section */

/* Begin PBXResourcesBuildPhase section */
		1920E5651CBD4B0C00C88073 /* Resources */ = {
			isa = PBXResourcesBuildPhase;
			buildActionMask = 2147483647;
			files = (
				198F9ED81CD2653200EE54E8 /* ListTableViewCell.xib in Resources */,
				1920E5CE1CBD54F500C88073 /* Montserrat-Regular.ttf in Resources */,
				1920E5CD1CBD54F100C88073 /* Montserrat-Bold.ttf in Resources */,
				1920E5751CBD4B0C00C88073 /* LaunchScreen.storyboard in Resources */,
				1936E33D1CD1870C00A631ED /* BookSearchViewCell.xib in Resources */,
				1920E5721CBD4B0C00C88073 /* Assets.xcassets in Resources */,
				1920E5701CBD4B0C00C88073 /* Main.storyboard in Resources */,
			);
			runOnlyForDeploymentPostprocessing = 0;
		};
		1920E5791CBD4B0C00C88073 /* Resources */ = {
			isa = PBXResourcesBuildPhase;
			buildActionMask = 2147483647;
			files = (
			);
			runOnlyForDeploymentPostprocessing = 0;
		};
		1920E5841CBD4B0C00C88073 /* Resources */ = {
			isa = PBXResourcesBuildPhase;
			buildActionMask = 2147483647;
			files = (
			);
			runOnlyForDeploymentPostprocessing = 0;
		};
/* End PBXResourcesBuildPhase section */

/* Begin PBXSourcesBuildPhase section */
		1920E5631CBD4B0C00C88073 /* Sources */ = {
			isa = PBXSourcesBuildPhase;
			buildActionMask = 2147483647;
			files = (
				1920E56D1CBD4B0C00C88073 /* ViewController.swift in Sources */,
				198F9EDA1CD2656800EE54E8 /* ListTableViewCell.swift in Sources */,
				192541991CC7219B009BA409 /* OBE3ViewController.swift in Sources */,
				19CBF5751CCAEFC300CDA0A8 /* SwiftLoading.swift in Sources */,
				19D033511CC84B50001E9E39 /* SignUpViewController.swift in Sources */,
				1925419B1CC741C7009BA409 /* MainSignViewController.swift in Sources */,
				1920E56B1CBD4B0C00C88073 /* AppDelegate.swift in Sources */,
				19CBF57B1CCB045300CDA0A8 /* ProfileViewController.swift in Sources */,
				192541931CC71B19009BA409 /* OnBoardingViewController.swift in Sources */,
				745D9DF71CD13BCE0010B893 /* SearchViewController.swift in Sources */,
				1936E33F1CD189A900A631ED /* BookSearchViewCell.swift in Sources */,
				198393F51CC89F7800276683 /* SecondSignUpViewController.swift in Sources */,
				192541951CC71DF8009BA409 /* OBE1ViewController.swift in Sources */,
				192541971CC71F1D009BA409 /* OBE2ViewController.swift in Sources */,
				19ECE0411CCF338800BE87B7 /* SettingsViewController.swift in Sources */,
				1936E3461CD1D8DA00A631ED /* BookDetailViewController.swift in Sources */,
			);
			runOnlyForDeploymentPostprocessing = 0;
		};
		1920E5771CBD4B0C00C88073 /* Sources */ = {
			isa = PBXSourcesBuildPhase;
			buildActionMask = 2147483647;
			files = (
				1920E5801CBD4B0C00C88073 /* BookmindAlfaTests.swift in Sources */,
			);
			runOnlyForDeploymentPostprocessing = 0;
		};
		1920E5821CBD4B0C00C88073 /* Sources */ = {
			isa = PBXSourcesBuildPhase;
			buildActionMask = 2147483647;
			files = (
				1920E58B1CBD4B0C00C88073 /* BookmindAlfaUITests.swift in Sources */,
			);
			runOnlyForDeploymentPostprocessing = 0;
		};
/* End PBXSourcesBuildPhase section */

/* Begin PBXTargetDependency section */
		1920E57D1CBD4B0C00C88073 /* PBXTargetDependency */ = {
			isa = PBXTargetDependency;
			target = 1920E5661CBD4B0C00C88073 /* BookmindAlfa */;
			targetProxy = 1920E57C1CBD4B0C00C88073 /* PBXContainerItemProxy */;
		};
		1920E5881CBD4B0C00C88073 /* PBXTargetDependency */ = {
			isa = PBXTargetDependency;
			target = 1920E5661CBD4B0C00C88073 /* BookmindAlfa */;
			targetProxy = 1920E5871CBD4B0C00C88073 /* PBXContainerItemProxy */;
		};
/* End PBXTargetDependency section */

/* Begin PBXVariantGroup section */
		1920E56E1CBD4B0C00C88073 /* Main.storyboard */ = {
			isa = PBXVariantGroup;
			children = (
				1920E56F1CBD4B0C00C88073 /* Base */,
			);
			name = Main.storyboard;
			sourceTree = "<group>";
		};
		1920E5731CBD4B0C00C88073 /* LaunchScreen.storyboard */ = {
			isa = PBXVariantGroup;
			children = (
				1920E5741CBD4B0C00C88073 /* Base */,
			);
			name = LaunchScreen.storyboard;
			sourceTree = "<group>";
		};
/* End PBXVariantGroup section */

/* Begin XCBuildConfiguration section */
		1920E58D1CBD4B0C00C88073 /* Debug */ = {
			isa = XCBuildConfiguration;
			buildSettings = {
				ALWAYS_SEARCH_USER_PATHS = NO;
				CLANG_ANALYZER_NONNULL = YES;
				CLANG_CXX_LANGUAGE_STANDARD = "gnu++0x";
				CLANG_CXX_LIBRARY = "libc++";
				CLANG_ENABLE_MODULES = YES;
				CLANG_ENABLE_OBJC_ARC = YES;
				CLANG_WARN_BOOL_CONVERSION = YES;
				CLANG_WARN_CONSTANT_CONVERSION = YES;
				CLANG_WARN_DIRECT_OBJC_ISA_USAGE = YES_ERROR;
				CLANG_WARN_EMPTY_BODY = YES;
				CLANG_WARN_ENUM_CONVERSION = YES;
				CLANG_WARN_INT_CONVERSION = YES;
				CLANG_WARN_OBJC_ROOT_CLASS = YES_ERROR;
				CLANG_WARN_UNREACHABLE_CODE = YES;
				CLANG_WARN__DUPLICATE_METHOD_MATCH = YES;
				"CODE_SIGN_IDENTITY[sdk=iphoneos*]" = "iPhone Developer";
				COPY_PHASE_STRIP = NO;
				DEBUG_INFORMATION_FORMAT = dwarf;
				ENABLE_STRICT_OBJC_MSGSEND = YES;
				ENABLE_TESTABILITY = YES;
				GCC_C_LANGUAGE_STANDARD = gnu99;
				GCC_DYNAMIC_NO_PIC = NO;
				GCC_NO_COMMON_BLOCKS = YES;
				GCC_OPTIMIZATION_LEVEL = 0;
				GCC_PREPROCESSOR_DEFINITIONS = (
					"DEBUG=1",
					"$(inherited)",
				);
				GCC_WARN_64_TO_32_BIT_CONVERSION = YES;
				GCC_WARN_ABOUT_RETURN_TYPE = YES_ERROR;
				GCC_WARN_UNDECLARED_SELECTOR = YES;
				GCC_WARN_UNINITIALIZED_AUTOS = YES_AGGRESSIVE;
				GCC_WARN_UNUSED_FUNCTION = YES;
				GCC_WARN_UNUSED_VARIABLE = YES;
				IPHONEOS_DEPLOYMENT_TARGET = 9.3;
				MTL_ENABLE_DEBUG_INFO = YES;
				ONLY_ACTIVE_ARCH = YES;
				SDKROOT = iphoneos;
				SWIFT_OPTIMIZATION_LEVEL = "-Onone";
			};
			name = Debug;
		};
		1920E58E1CBD4B0C00C88073 /* Release */ = {
			isa = XCBuildConfiguration;
			buildSettings = {
				ALWAYS_SEARCH_USER_PATHS = NO;
				CLANG_ANALYZER_NONNULL = YES;
				CLANG_CXX_LANGUAGE_STANDARD = "gnu++0x";
				CLANG_CXX_LIBRARY = "libc++";
				CLANG_ENABLE_MODULES = YES;
				CLANG_ENABLE_OBJC_ARC = YES;
				CLANG_WARN_BOOL_CONVERSION = YES;
				CLANG_WARN_CONSTANT_CONVERSION = YES;
				CLANG_WARN_DIRECT_OBJC_ISA_USAGE = YES_ERROR;
				CLANG_WARN_EMPTY_BODY = YES;
				CLANG_WARN_ENUM_CONVERSION = YES;
				CLANG_WARN_INT_CONVERSION = YES;
				CLANG_WARN_OBJC_ROOT_CLASS = YES_ERROR;
				CLANG_WARN_UNREACHABLE_CODE = YES;
				CLANG_WARN__DUPLICATE_METHOD_MATCH = YES;
				"CODE_SIGN_IDENTITY[sdk=iphoneos*]" = "iPhone Developer";
				COPY_PHASE_STRIP = NO;
				DEBUG_INFORMATION_FORMAT = "dwarf-with-dsym";
				ENABLE_NS_ASSERTIONS = NO;
				ENABLE_STRICT_OBJC_MSGSEND = YES;
				GCC_C_LANGUAGE_STANDARD = gnu99;
				GCC_NO_COMMON_BLOCKS = YES;
				GCC_WARN_64_TO_32_BIT_CONVERSION = YES;
				GCC_WARN_ABOUT_RETURN_TYPE = YES_ERROR;
				GCC_WARN_UNDECLARED_SELECTOR = YES;
				GCC_WARN_UNINITIALIZED_AUTOS = YES_AGGRESSIVE;
				GCC_WARN_UNUSED_FUNCTION = YES;
				GCC_WARN_UNUSED_VARIABLE = YES;
				IPHONEOS_DEPLOYMENT_TARGET = 9.3;
				MTL_ENABLE_DEBUG_INFO = NO;
				SDKROOT = iphoneos;
				VALIDATE_PRODUCT = YES;
			};
			name = Release;
		};
		1920E5901CBD4B0C00C88073 /* Debug */ = {
			isa = XCBuildConfiguration;
			buildSettings = {
				ASSETCATALOG_COMPILER_APPICON_NAME = AppIcon;
				CLANG_ENABLE_MODULES = YES;
				CODE_SIGN_IDENTITY = "iPhone Developer";
				FRAMEWORK_SEARCH_PATHS = (
					"$(inherited)",
					"$(PROJECT_DIR)/parse-library-1",
				);
				INFOPLIST_FILE = BookmindAlfa/Info.plist;
				IPHONEOS_DEPLOYMENT_TARGET = 9.3;
				LD_RUNPATH_SEARCH_PATHS = "@executable_path/Frameworks";
				PRODUCT_BUNDLE_IDENTIFIER = Rodia.BookmindAlfa;
				PRODUCT_NAME = "$(TARGET_NAME)";
				SWIFT_OBJC_BRIDGING_HEADER = "BookmindAlfa/BookmindAlfa-Bridging-Header.h";
				SWIFT_OPTIMIZATION_LEVEL = "-Onone";
			};
			name = Debug;
		};
		1920E5911CBD4B0C00C88073 /* Release */ = {
			isa = XCBuildConfiguration;
			buildSettings = {
				ASSETCATALOG_COMPILER_APPICON_NAME = AppIcon;
				CLANG_ENABLE_MODULES = YES;
				CODE_SIGN_IDENTITY = "iPhone Developer";
				FRAMEWORK_SEARCH_PATHS = (
					"$(inherited)",
					"$(PROJECT_DIR)/parse-library-1",
				);
				INFOPLIST_FILE = BookmindAlfa/Info.plist;
				IPHONEOS_DEPLOYMENT_TARGET = 9.3;
				LD_RUNPATH_SEARCH_PATHS = "@executable_path/Frameworks";
				PRODUCT_BUNDLE_IDENTIFIER = Rodia.BookmindAlfa;
				PRODUCT_NAME = "$(TARGET_NAME)";
				SWIFT_OBJC_BRIDGING_HEADER = "BookmindAlfa/BookmindAlfa-Bridging-Header.h";
			};
			name = Release;
		};
		1920E5931CBD4B0C00C88073 /* Debug */ = {
			isa = XCBuildConfiguration;
			buildSettings = {
				BUNDLE_LOADER = "$(TEST_HOST)";
				INFOPLIST_FILE = BookmindAlfaTests/Info.plist;
				LD_RUNPATH_SEARCH_PATHS = "$(inherited) @executable_path/Frameworks @loader_path/Frameworks";
				PRODUCT_BUNDLE_IDENTIFIER = Rodia.BookmindAlfaTests;
				PRODUCT_NAME = "$(TARGET_NAME)";
				TEST_HOST = "$(BUILT_PRODUCTS_DIR)/BookmindAlfa.app/BookmindAlfa";
			};
			name = Debug;
		};
		1920E5941CBD4B0C00C88073 /* Release */ = {
			isa = XCBuildConfiguration;
			buildSettings = {
				BUNDLE_LOADER = "$(TEST_HOST)";
				INFOPLIST_FILE = BookmindAlfaTests/Info.plist;
				LD_RUNPATH_SEARCH_PATHS = "$(inherited) @executable_path/Frameworks @loader_path/Frameworks";
				PRODUCT_BUNDLE_IDENTIFIER = Rodia.BookmindAlfaTests;
				PRODUCT_NAME = "$(TARGET_NAME)";
				TEST_HOST = "$(BUILT_PRODUCTS_DIR)/BookmindAlfa.app/BookmindAlfa";
			};
			name = Release;
		};
		1920E5961CBD4B0C00C88073 /* Debug */ = {
			isa = XCBuildConfiguration;
			buildSettings = {
				INFOPLIST_FILE = BookmindAlfaUITests/Info.plist;
				LD_RUNPATH_SEARCH_PATHS = "$(inherited) @executable_path/Frameworks @loader_path/Frameworks";
				PRODUCT_BUNDLE_IDENTIFIER = Rodia.BookmindAlfaUITests;
				PRODUCT_NAME = "$(TARGET_NAME)";
				TEST_TARGET_NAME = BookmindAlfa;
			};
			name = Debug;
		};
		1920E5971CBD4B0C00C88073 /* Release */ = {
			isa = XCBuildConfiguration;
			buildSettings = {
				INFOPLIST_FILE = BookmindAlfaUITests/Info.plist;
				LD_RUNPATH_SEARCH_PATHS = "$(inherited) @executable_path/Frameworks @loader_path/Frameworks";
				PRODUCT_BUNDLE_IDENTIFIER = Rodia.BookmindAlfaUITests;
				PRODUCT_NAME = "$(TARGET_NAME)";
				TEST_TARGET_NAME = BookmindAlfa;
			};
			name = Release;
		};
/* End XCBuildConfiguration section */

/* Begin XCConfigurationList section */
		1920E5621CBD4B0C00C88073 /* Build configuration list for PBXProject "BookmindAlfa" */ = {
			isa = XCConfigurationList;
			buildConfigurations = (
				1920E58D1CBD4B0C00C88073 /* Debug */,
				1920E58E1CBD4B0C00C88073 /* Release */,
			);
			defaultConfigurationIsVisible = 0;
			defaultConfigurationName = Release;
		};
		1920E58F1CBD4B0C00C88073 /* Build configuration list for PBXNativeTarget "BookmindAlfa" */ = {
			isa = XCConfigurationList;
			buildConfigurations = (
				1920E5901CBD4B0C00C88073 /* Debug */,
				1920E5911CBD4B0C00C88073 /* Release */,
			);
			defaultConfigurationIsVisible = 0;
			defaultConfigurationName = Release;
		};
		1920E5921CBD4B0C00C88073 /* Build configuration list for PBXNativeTarget "BookmindAlfaTests" */ = {
			isa = XCConfigurationList;
			buildConfigurations = (
				1920E5931CBD4B0C00C88073 /* Debug */,
				1920E5941CBD4B0C00C88073 /* Release */,
			);
			defaultConfigurationIsVisible = 0;
			defaultConfigurationName = Release;
		};
		1920E5951CBD4B0C00C88073 /* Build configuration list for PBXNativeTarget "BookmindAlfaUITests" */ = {
			isa = XCConfigurationList;
			buildConfigurations = (
				1920E5961CBD4B0C00C88073 /* Debug */,
				1920E5971CBD4B0C00C88073 /* Release */,
			);
			defaultConfigurationIsVisible = 0;
			defaultConfigurationName = Release;
		};
/* End XCConfigurationList section */
	};
	rootObject = 1920E55F1CBD4B0C00C88073 /* Project object */;
}
